// !$*UTF8*$!
{
	archiveVersion = 1;
	classes = {
	};
	objectVersion = 56;
	objects = {

/* Begin PBXBuildFile section */
		638842AA2AE6A1EC00634E59 /* coverEnum.swift in Sources */ = {isa = PBXBuildFile; fileRef = 638842A92AE6A1EC00634E59 /* coverEnum.swift */; };
		638842AC2AE6A21300634E59 /* conditionEnum.swift in Sources */ = {isa = PBXBuildFile; fileRef = 638842AB2AE6A21300634E59 /* conditionEnum.swift */; };
		638842AF2AE6ADA800634E59 /* createComicSheet.swift in Sources */ = {isa = PBXBuildFile; fileRef = 638842AE2AE6ADA800634E59 /* createComicSheet.swift */; };
		6388EAFC2AE0864200BDB8C0 /* CoverCondition.swift in Sources */ = {isa = PBXBuildFile; fileRef = 6388EAFB2AE0864200BDB8C0 /* CoverCondition.swift */; };
		6388EAFE2AE086B700BDB8C0 /* Index.swift in Sources */ = {isa = PBXBuildFile; fileRef = 6388EAFD2AE086B700BDB8C0 /* Index.swift */; };
		6388EB002AE0877F00BDB8C0 /* PageDamageReport.swift in Sources */ = {isa = PBXBuildFile; fileRef = 6388EAFF2AE0877F00BDB8C0 /* PageDamageReport.swift */; };
		6388EB022AE0892D00BDB8C0 /* AllComics.swift in Sources */ = {isa = PBXBuildFile; fileRef = 6388EB012AE0892D00BDB8C0 /* AllComics.swift */; };
		6388EB042AE08A3200BDB8C0 /* PickGrade.swift in Sources */ = {isa = PBXBuildFile; fileRef = 6388EB032AE08A3200BDB8C0 /* PickGrade.swift */; };
		6388EB062AE08AA500BDB8C0 /* ComicGrading.swift in Sources */ = {isa = PBXBuildFile; fileRef = 6388EB052AE08AA500BDB8C0 /* ComicGrading.swift */; };
		6388EB082AE0912000BDB8C0 /* ViewModelComicGrading.swift in Sources */ = {isa = PBXBuildFile; fileRef = 6388EB072AE0912000BDB8C0 /* ViewModelComicGrading.swift */; };
		6398CDA92ADD6B3E00CF5089 /* ComicBookGradingAppApp.swift in Sources */ = {isa = PBXBuildFile; fileRef = 6398CDA82ADD6B3E00CF5089 /* ComicBookGradingAppApp.swift */; };
		6398CDAB2ADD6B3E00CF5089 /* ContentView.swift in Sources */ = {isa = PBXBuildFile; fileRef = 6398CDAA2ADD6B3E00CF5089 /* ContentView.swift */; };
		6398CDAD2ADD6B4100CF5089 /* Assets.xcassets in Resources */ = {isa = PBXBuildFile; fileRef = 6398CDAC2ADD6B4100CF5089 /* Assets.xcassets */; };
		6398CDB02ADD6B4100CF5089 /* Preview Assets.xcassets in Resources */ = {isa = PBXBuildFile; fileRef = 6398CDAF2ADD6B4100CF5089 /* Preview Assets.xcassets */; };
		6398CDBA2ADD6B4100CF5089 /* ComicBookGradingAppTests.swift in Sources */ = {isa = PBXBuildFile; fileRef = 6398CDB92ADD6B4100CF5089 /* ComicBookGradingAppTests.swift */; };
		6398CDC42ADD6B4100CF5089 /* ComicBookGradingAppUITests.swift in Sources */ = {isa = PBXBuildFile; fileRef = 6398CDC32ADD6B4100CF5089 /* ComicBookGradingAppUITests.swift */; };
		6398CDC62ADD6B4100CF5089 /* ComicBookGradingAppUITestsLaunchTests.swift in Sources */ = {isa = PBXBuildFile; fileRef = 6398CDC52ADD6B4100CF5089 /* ComicBookGradingAppUITestsLaunchTests.swift */; };
/* End PBXBuildFile section */

/* Begin PBXContainerItemProxy section */
		6398CDB62ADD6B4100CF5089 /* PBXContainerItemProxy */ = {
			isa = PBXContainerItemProxy;
			containerPortal = 6398CD9D2ADD6B3E00CF5089 /* Project object */;
			proxyType = 1;
			remoteGlobalIDString = 6398CDA42ADD6B3E00CF5089;
			remoteInfo = ComicBookGradingApp;
		};
		6398CDC02ADD6B4100CF5089 /* PBXContainerItemProxy */ = {
			isa = PBXContainerItemProxy;
			containerPortal = 6398CD9D2ADD6B3E00CF5089 /* Project object */;
			proxyType = 1;
			remoteGlobalIDString = 6398CDA42ADD6B3E00CF5089;
			remoteInfo = ComicBookGradingApp;
		};
/* End PBXContainerItemProxy section */

/* Begin PBXFileReference section */
		638842A92AE6A1EC00634E59 /* coverEnum.swift */ = {isa = PBXFileReference; lastKnownFileType = sourcecode.swift; path = coverEnum.swift; sourceTree = "<group>"; };
		638842AB2AE6A21300634E59 /* conditionEnum.swift */ = {isa = PBXFileReference; lastKnownFileType = sourcecode.swift; path = conditionEnum.swift; sourceTree = "<group>"; };
		638842AE2AE6ADA800634E59 /* createComicSheet.swift */ = {isa = PBXFileReference; lastKnownFileType = sourcecode.swift; path = createComicSheet.swift; sourceTree = "<group>"; };
		6388EAFB2AE0864200BDB8C0 /* CoverCondition.swift */ = {isa = PBXFileReference; lastKnownFileType = sourcecode.swift; path = CoverCondition.swift; sourceTree = "<group>"; };
		6388EAFD2AE086B700BDB8C0 /* Index.swift */ = {isa = PBXFileReference; lastKnownFileType = sourcecode.swift; path = Index.swift; sourceTree = "<group>"; };
		6388EAFF2AE0877F00BDB8C0 /* PageDamageReport.swift */ = {isa = PBXFileReference; lastKnownFileType = sourcecode.swift; path = PageDamageReport.swift; sourceTree = "<group>"; };
		6388EB012AE0892D00BDB8C0 /* AllComics.swift */ = {isa = PBXFileReference; lastKnownFileType = sourcecode.swift; path = AllComics.swift; sourceTree = "<group>"; };
		6388EB032AE08A3200BDB8C0 /* PickGrade.swift */ = {isa = PBXFileReference; lastKnownFileType = sourcecode.swift; path = PickGrade.swift; sourceTree = "<group>"; };
		6388EB052AE08AA500BDB8C0 /* ComicGrading.swift */ = {isa = PBXFileReference; lastKnownFileType = sourcecode.swift; path = ComicGrading.swift; sourceTree = "<group>"; };
		6388EB072AE0912000BDB8C0 /* ViewModelComicGrading.swift */ = {isa = PBXFileReference; lastKnownFileType = sourcecode.swift; path = ViewModelComicGrading.swift; sourceTree = "<group>"; };
		6398CDA52ADD6B3E00CF5089 /* ComicBookGradingApp.app */ = {isa = PBXFileReference; explicitFileType = wrapper.application; includeInIndex = 0; path = ComicBookGradingApp.app; sourceTree = BUILT_PRODUCTS_DIR; };
		6398CDA82ADD6B3E00CF5089 /* ComicBookGradingAppApp.swift */ = {isa = PBXFileReference; lastKnownFileType = sourcecode.swift; path = ComicBookGradingAppApp.swift; sourceTree = "<group>"; };
		6398CDAA2ADD6B3E00CF5089 /* ContentView.swift */ = {isa = PBXFileReference; lastKnownFileType = sourcecode.swift; path = ContentView.swift; sourceTree = "<group>"; };
		6398CDAC2ADD6B4100CF5089 /* Assets.xcassets */ = {isa = PBXFileReference; lastKnownFileType = folder.assetcatalog; path = Assets.xcassets; sourceTree = "<group>"; };
		6398CDAF2ADD6B4100CF5089 /* Preview Assets.xcassets */ = {isa = PBXFileReference; lastKnownFileType = folder.assetcatalog; path = "Preview Assets.xcassets"; sourceTree = "<group>"; };
		6398CDB52ADD6B4100CF5089 /* ComicBookGradingAppTests.xctest */ = {isa = PBXFileReference; explicitFileType = wrapper.cfbundle; includeInIndex = 0; path = ComicBookGradingAppTests.xctest; sourceTree = BUILT_PRODUCTS_DIR; };
		6398CDB92ADD6B4100CF5089 /* ComicBookGradingAppTests.swift */ = {isa = PBXFileReference; lastKnownFileType = sourcecode.swift; path = ComicBookGradingAppTests.swift; sourceTree = "<group>"; };
		6398CDBF2ADD6B4100CF5089 /* ComicBookGradingAppUITests.xctest */ = {isa = PBXFileReference; explicitFileType = wrapper.cfbundle; includeInIndex = 0; path = ComicBookGradingAppUITests.xctest; sourceTree = BUILT_PRODUCTS_DIR; };
		6398CDC32ADD6B4100CF5089 /* ComicBookGradingAppUITests.swift */ = {isa = PBXFileReference; lastKnownFileType = sourcecode.swift; path = ComicBookGradingAppUITests.swift; sourceTree = "<group>"; };
		6398CDC52ADD6B4100CF5089 /* ComicBookGradingAppUITestsLaunchTests.swift */ = {isa = PBXFileReference; lastKnownFileType = sourcecode.swift; path = ComicBookGradingAppUITestsLaunchTests.swift; sourceTree = "<group>"; };
/* End PBXFileReference section */

/* Begin PBXFrameworksBuildPhase section */
		6398CDA22ADD6B3E00CF5089 /* Frameworks */ = {
			isa = PBXFrameworksBuildPhase;
			buildActionMask = 2147483647;
			files = (
			);
			runOnlyForDeploymentPostprocessing = 0;
		};
		6398CDB22ADD6B4100CF5089 /* Frameworks */ = {
			isa = PBXFrameworksBuildPhase;
			buildActionMask = 2147483647;
			files = (
			);
			runOnlyForDeploymentPostprocessing = 0;
		};
		6398CDBC2ADD6B4100CF5089 /* Frameworks */ = {
			isa = PBXFrameworksBuildPhase;
			buildActionMask = 2147483647;
			files = (
			);
			runOnlyForDeploymentPostprocessing = 0;
		};
/* End PBXFrameworksBuildPhase section */

/* Begin PBXGroup section */
		638842AD2AE6AD7D00634E59 /* Sheets */ = {
			isa = PBXGroup;
			children = (
				638842AE2AE6ADA800634E59 /* createComicSheet.swift */,
			);
			path = Sheets;
			sourceTree = "<group>";
		};
		6388EAF82AE0861E00BDB8C0 /* Views */ = {
			isa = PBXGroup;
			children = (
				638842AD2AE6AD7D00634E59 /* Sheets */,
				6388EAFB2AE0864200BDB8C0 /* CoverCondition.swift */,
				6388EAFD2AE086B700BDB8C0 /* Index.swift */,
				6388EAFF2AE0877F00BDB8C0 /* PageDamageReport.swift */,
				6388EB012AE0892D00BDB8C0 /* AllComics.swift */,
				6388EB032AE08A3200BDB8C0 /* PickGrade.swift */,
			);
			path = Views;
			sourceTree = "<group>";
		};
		6388EAF92AE0862700BDB8C0 /* Models */ = {
			isa = PBXGroup;
			children = (
				6388EB052AE08AA500BDB8C0 /* ComicGrading.swift */,
				638842A92AE6A1EC00634E59 /* coverEnum.swift */,
				638842AB2AE6A21300634E59 /* conditionEnum.swift */,
			);
			path = Models;
			sourceTree = "<group>";
		};
		6388EAFA2AE0862E00BDB8C0 /* ModelViews */ = {
			isa = PBXGroup;
			children = (
				6388EB072AE0912000BDB8C0 /* ViewModelComicGrading.swift */,
			);
			path = ModelViews;
			sourceTree = "<group>";
		};
		6398CD9C2ADD6B3E00CF5089 = {
			isa = PBXGroup;
			children = (
				6398CDA72ADD6B3E00CF5089 /* ComicBookGradingApp */,
				6398CDB82ADD6B4100CF5089 /* ComicBookGradingAppTests */,
				6398CDC22ADD6B4100CF5089 /* ComicBookGradingAppUITests */,
				6398CDA62ADD6B3E00CF5089 /* Products */,
			);
			sourceTree = "<group>";
		};
		6398CDA62ADD6B3E00CF5089 /* Products */ = {
			isa = PBXGroup;
			children = (
				6398CDA52ADD6B3E00CF5089 /* ComicBookGradingApp.app */,
				6398CDB52ADD6B4100CF5089 /* ComicBookGradingAppTests.xctest */,
				6398CDBF2ADD6B4100CF5089 /* ComicBookGradingAppUITests.xctest */,
			);
			name = Products;
			sourceTree = "<group>";
		};
		6398CDA72ADD6B3E00CF5089 /* ComicBookGradingApp */ = {
			isa = PBXGroup;
			children = (
				6388EAFA2AE0862E00BDB8C0 /* ModelViews */,
				6388EAF92AE0862700BDB8C0 /* Models */,
				6388EAF82AE0861E00BDB8C0 /* Views */,
				6398CDAA2ADD6B3E00CF5089 /* ContentView.swift */,
				6398CDA82ADD6B3E00CF5089 /* ComicBookGradingAppApp.swift */,
				6398CDAC2ADD6B4100CF5089 /* Assets.xcassets */,
				6398CDAE2ADD6B4100CF5089 /* Preview Content */,
			);
			path = ComicBookGradingApp;
			sourceTree = "<group>";
		};
		6398CDAE2ADD6B4100CF5089 /* Preview Content */ = {
			isa = PBXGroup;
			children = (
				6398CDAF2ADD6B4100CF5089 /* Preview Assets.xcassets */,
			);
			path = "Preview Content";
			sourceTree = "<group>";
		};
		6398CDB82ADD6B4100CF5089 /* ComicBookGradingAppTests */ = {
			isa = PBXGroup;
			children = (
				6398CDB92ADD6B4100CF5089 /* ComicBookGradingAppTests.swift */,
			);
			path = ComicBookGradingAppTests;
			sourceTree = "<group>";
		};
		6398CDC22ADD6B4100CF5089 /* ComicBookGradingAppUITests */ = {
			isa = PBXGroup;
			children = (
				6398CDC32ADD6B4100CF5089 /* ComicBookGradingAppUITests.swift */,
				6398CDC52ADD6B4100CF5089 /* ComicBookGradingAppUITestsLaunchTests.swift */,
			);
			path = ComicBookGradingAppUITests;
			sourceTree = "<group>";
		};
/* End PBXGroup section */

/* Begin PBXNativeTarget section */
		6398CDA42ADD6B3E00CF5089 /* ComicBookGradingApp */ = {
			isa = PBXNativeTarget;
			buildConfigurationList = 6398CDC92ADD6B4100CF5089 /* Build configuration list for PBXNativeTarget "ComicBookGradingApp" */;
			buildPhases = (
				6398CDA12ADD6B3E00CF5089 /* Sources */,
				6398CDA22ADD6B3E00CF5089 /* Frameworks */,
				6398CDA32ADD6B3E00CF5089 /* Resources */,
			);
			buildRules = (
			);
			dependencies = (
			);
			name = ComicBookGradingApp;
			productName = ComicBookGradingApp;
			productReference = 6398CDA52ADD6B3E00CF5089 /* ComicBookGradingApp.app */;
			productType = "com.apple.product-type.application";
		};
		6398CDB42ADD6B4100CF5089 /* ComicBookGradingAppTests */ = {
			isa = PBXNativeTarget;
			buildConfigurationList = 6398CDCC2ADD6B4100CF5089 /* Build configuration list for PBXNativeTarget "ComicBookGradingAppTests" */;
			buildPhases = (
				6398CDB12ADD6B4100CF5089 /* Sources */,
				6398CDB22ADD6B4100CF5089 /* Frameworks */,
				6398CDB32ADD6B4100CF5089 /* Resources */,
			);
			buildRules = (
			);
			dependencies = (
				6398CDB72ADD6B4100CF5089 /* PBXTargetDependency */,
			);
			name = ComicBookGradingAppTests;
			productName = ComicBookGradingAppTests;
			productReference = 6398CDB52ADD6B4100CF5089 /* ComicBookGradingAppTests.xctest */;
			productType = "com.apple.product-type.bundle.unit-test";
		};
		6398CDBE2ADD6B4100CF5089 /* ComicBookGradingAppUITests */ = {
			isa = PBXNativeTarget;
			buildConfigurationList = 6398CDCF2ADD6B4100CF5089 /* Build configuration list for PBXNativeTarget "ComicBookGradingAppUITests" */;
			buildPhases = (
				6398CDBB2ADD6B4100CF5089 /* Sources */,
				6398CDBC2ADD6B4100CF5089 /* Frameworks */,
				6398CDBD2ADD6B4100CF5089 /* Resources */,
			);
			buildRules = (
			);
			dependencies = (
				6398CDC12ADD6B4100CF5089 /* PBXTargetDependency */,
			);
			name = ComicBookGradingAppUITests;
			productName = ComicBookGradingAppUITests;
			productReference = 6398CDBF2ADD6B4100CF5089 /* ComicBookGradingAppUITests.xctest */;
			productType = "com.apple.product-type.bundle.ui-testing";
		};
/* End PBXNativeTarget section */

/* Begin PBXProject section */
		6398CD9D2ADD6B3E00CF5089 /* Project object */ = {
			isa = PBXProject;
			attributes = {
				BuildIndependentTargetsInParallel = 1;
				LastSwiftUpdateCheck = 1430;
				LastUpgradeCheck = 1430;
				TargetAttributes = {
					6398CDA42ADD6B3E00CF5089 = {
						CreatedOnToolsVersion = 14.3.1;
					};
					6398CDB42ADD6B4100CF5089 = {
						CreatedOnToolsVersion = 14.3.1;
						TestTargetID = 6398CDA42ADD6B3E00CF5089;
					};
					6398CDBE2ADD6B4100CF5089 = {
						CreatedOnToolsVersion = 14.3.1;
						TestTargetID = 6398CDA42ADD6B3E00CF5089;
					};
				};
			};
			buildConfigurationList = 6398CDA02ADD6B3E00CF5089 /* Build configuration list for PBXProject "ComicBookGradingApp" */;
			compatibilityVersion = "Xcode 14.0";
			developmentRegion = en;
			hasScannedForEncodings = 0;
			knownRegions = (
				en,
				Base,
			);
			mainGroup = 6398CD9C2ADD6B3E00CF5089;
			productRefGroup = 6398CDA62ADD6B3E00CF5089 /* Products */;
			projectDirPath = "";
			projectRoot = "";
			targets = (
				6398CDA42ADD6B3E00CF5089 /* ComicBookGradingApp */,
				6398CDB42ADD6B4100CF5089 /* ComicBookGradingAppTests */,
				6398CDBE2ADD6B4100CF5089 /* ComicBookGradingAppUITests */,
			);
		};
/* End PBXProject section */

/* Begin PBXResourcesBuildPhase section */
		6398CDA32ADD6B3E00CF5089 /* Resources */ = {
			isa = PBXResourcesBuildPhase;
			buildActionMask = 2147483647;
			files = (
				6398CDB02ADD6B4100CF5089 /* Preview Assets.xcassets in Resources */,
				6398CDAD2ADD6B4100CF5089 /* Assets.xcassets in Resources */,
			);
			runOnlyForDeploymentPostprocessing = 0;
		};
		6398CDB32ADD6B4100CF5089 /* Resources */ = {
			isa = PBXResourcesBuildPhase;
			buildActionMask = 2147483647;
			files = (
			);
			runOnlyForDeploymentPostprocessing = 0;
		};
		6398CDBD2ADD6B4100CF5089 /* Resources */ = {
			isa = PBXResourcesBuildPhase;
			buildActionMask = 2147483647;
			files = (
			);
			runOnlyForDeploymentPostprocessing = 0;
		};
/* End PBXResourcesBuildPhase section */

/* Begin PBXSourcesBuildPhase section */
		6398CDA12ADD6B3E00CF5089 /* Sources */ = {
			isa = PBXSourcesBuildPhase;
			buildActionMask = 2147483647;
			files = (
				6388EB042AE08A3200BDB8C0 /* PickGrade.swift in Sources */,
				6388EAFC2AE0864200BDB8C0 /* CoverCondition.swift in Sources */,
				638842AF2AE6ADA800634E59 /* createComicSheet.swift in Sources */,
				638842AC2AE6A21300634E59 /* conditionEnum.swift in Sources */,
				6398CDAB2ADD6B3E00CF5089 /* ContentView.swift in Sources */,
				638842AA2AE6A1EC00634E59 /* coverEnum.swift in Sources */,
				6388EB002AE0877F00BDB8C0 /* PageDamageReport.swift in Sources */,
				6388EB062AE08AA500BDB8C0 /* ComicGrading.swift in Sources */,
				6388EAFE2AE086B700BDB8C0 /* Index.swift in Sources */,
				6398CDA92ADD6B3E00CF5089 /* ComicBookGradingAppApp.swift in Sources */,
				6388EB082AE0912000BDB8C0 /* ViewModelComicGrading.swift in Sources */,
				6388EB022AE0892D00BDB8C0 /* AllComics.swift in Sources */,
			);
			runOnlyForDeploymentPostprocessing = 0;
		};
		6398CDB12ADD6B4100CF5089 /* Sources */ = {
			isa = PBXSourcesBuildPhase;
			buildActionMask = 2147483647;
			files = (
				6398CDBA2ADD6B4100CF5089 /* ComicBookGradingAppTests.swift in Sources */,
			);
			runOnlyForDeploymentPostprocessing = 0;
		};
		6398CDBB2ADD6B4100CF5089 /* Sources */ = {
			isa = PBXSourcesBuildPhase;
			buildActionMask = 2147483647;
			files = (
				6398CDC62ADD6B4100CF5089 /* ComicBookGradingAppUITestsLaunchTests.swift in Sources */,
				6398CDC42ADD6B4100CF5089 /* ComicBookGradingAppUITests.swift in Sources */,
			);
			runOnlyForDeploymentPostprocessing = 0;
		};
/* End PBXSourcesBuildPhase section */

/* Begin PBXTargetDependency section */
		6398CDB72ADD6B4100CF5089 /* PBXTargetDependency */ = {
			isa = PBXTargetDependency;
			target = 6398CDA42ADD6B3E00CF5089 /* ComicBookGradingApp */;
			targetProxy = 6398CDB62ADD6B4100CF5089 /* PBXContainerItemProxy */;
		};
		6398CDC12ADD6B4100CF5089 /* PBXTargetDependency */ = {
			isa = PBXTargetDependency;
			target = 6398CDA42ADD6B3E00CF5089 /* ComicBookGradingApp */;
			targetProxy = 6398CDC02ADD6B4100CF5089 /* PBXContainerItemProxy */;
		};
/* End PBXTargetDependency section */

/* Begin XCBuildConfiguration section */
		6398CDC72ADD6B4100CF5089 /* Debug */ = {
			isa = XCBuildConfiguration;
			buildSettings = {
				ALWAYS_SEARCH_USER_PATHS = NO;
				CLANG_ANALYZER_NONNULL = YES;
				CLANG_ANALYZER_NUMBER_OBJECT_CONVERSION = YES_AGGRESSIVE;
				CLANG_CXX_LANGUAGE_STANDARD = "gnu++20";
				CLANG_ENABLE_MODULES = YES;
				CLANG_ENABLE_OBJC_ARC = YES;
				CLANG_ENABLE_OBJC_WEAK = YES;
				CLANG_WARN_BLOCK_CAPTURE_AUTORELEASING = YES;
				CLANG_WARN_BOOL_CONVERSION = YES;
				CLANG_WARN_COMMA = YES;
				CLANG_WARN_CONSTANT_CONVERSION = YES;
				CLANG_WARN_DEPRECATED_OBJC_IMPLEMENTATIONS = YES;
				CLANG_WARN_DIRECT_OBJC_ISA_USAGE = YES_ERROR;
				CLANG_WARN_DOCUMENTATION_COMMENTS = YES;
				CLANG_WARN_EMPTY_BODY = YES;
				CLANG_WARN_ENUM_CONVERSION = YES;
				CLANG_WARN_INFINITE_RECURSION = YES;
				CLANG_WARN_INT_CONVERSION = YES;
				CLANG_WARN_NON_LITERAL_NULL_CONVERSION = YES;
				CLANG_WARN_OBJC_IMPLICIT_RETAIN_SELF = YES;
				CLANG_WARN_OBJC_LITERAL_CONVERSION = YES;
				CLANG_WARN_OBJC_ROOT_CLASS = YES_ERROR;
				CLANG_WARN_QUOTED_INCLUDE_IN_FRAMEWORK_HEADER = YES;
				CLANG_WARN_RANGE_LOOP_ANALYSIS = YES;
				CLANG_WARN_STRICT_PROTOTYPES = YES;
				CLANG_WARN_SUSPICIOUS_MOVE = YES;
				CLANG_WARN_UNGUARDED_AVAILABILITY = YES_AGGRESSIVE;
				CLANG_WARN_UNREACHABLE_CODE = YES;
				CLANG_WARN__DUPLICATE_METHOD_MATCH = YES;
				COPY_PHASE_STRIP = NO;
				DEBUG_INFORMATION_FORMAT = dwarf;
				ENABLE_STRICT_OBJC_MSGSEND = YES;
				ENABLE_TESTABILITY = YES;
				GCC_C_LANGUAGE_STANDARD = gnu11;
				GCC_DYNAMIC_NO_PIC = NO;
				GCC_NO_COMMON_BLOCKS = YES;
				GCC_OPTIMIZATION_LEVEL = 0;
				GCC_PREPROCESSOR_DEFINITIONS = (
					"DEBUG=1",
					"$(inherited)",
				);
				GCC_WARN_64_TO_32_BIT_CONVERSION = YES;
				GCC_WARN_ABOUT_RETURN_TYPE = YES_ERROR;
				GCC_WARN_UNDECLARED_SELECTOR = YES;
				GCC_WARN_UNINITIALIZED_AUTOS = YES_AGGRESSIVE;
				GCC_WARN_UNUSED_FUNCTION = YES;
				GCC_WARN_UNUSED_VARIABLE = YES;
				IPHONEOS_DEPLOYMENT_TARGET = 15.0;
				MTL_ENABLE_DEBUG_INFO = INCLUDE_SOURCE;
				MTL_FAST_MATH = YES;
				ONLY_ACTIVE_ARCH = YES;
				SDKROOT = iphoneos;
				SWIFT_ACTIVE_COMPILATION_CONDITIONS = DEBUG;
				SWIFT_OPTIMIZATION_LEVEL = "-Onone";
			};
			name = Debug;
		};
		6398CDC82ADD6B4100CF5089 /* Release */ = {
			isa = XCBuildConfiguration;
			buildSettings = {
				ALWAYS_SEARCH_USER_PATHS = NO;
				CLANG_ANALYZER_NONNULL = YES;
				CLANG_ANALYZER_NUMBER_OBJECT_CONVERSION = YES_AGGRESSIVE;
				CLANG_CXX_LANGUAGE_STANDARD = "gnu++20";
				CLANG_ENABLE_MODULES = YES;
				CLANG_ENABLE_OBJC_ARC = YES;
				CLANG_ENABLE_OBJC_WEAK = YES;
				CLANG_WARN_BLOCK_CAPTURE_AUTORELEASING = YES;
				CLANG_WARN_BOOL_CONVERSION = YES;
				CLANG_WARN_COMMA = YES;
				CLANG_WARN_CONSTANT_CONVERSION = YES;
				CLANG_WARN_DEPRECATED_OBJC_IMPLEMENTATIONS = YES;
				CLANG_WARN_DIRECT_OBJC_ISA_USAGE = YES_ERROR;
				CLANG_WARN_DOCUMENTATION_COMMENTS = YES;
				CLANG_WARN_EMPTY_BODY = YES;
				CLANG_WARN_ENUM_CONVERSION = YES;
				CLANG_WARN_INFINITE_RECURSION = YES;
				CLANG_WARN_INT_CONVERSION = YES;
				CLANG_WARN_NON_LITERAL_NULL_CONVERSION = YES;
				CLANG_WARN_OBJC_IMPLICIT_RETAIN_SELF = YES;
				CLANG_WARN_OBJC_LITERAL_CONVERSION = YES;
				CLANG_WARN_OBJC_ROOT_CLASS = YES_ERROR;
				CLANG_WARN_QUOTED_INCLUDE_IN_FRAMEWORK_HEADER = YES;
				CLANG_WARN_RANGE_LOOP_ANALYSIS = YES;
				CLANG_WARN_STRICT_PROTOTYPES = YES;
				CLANG_WARN_SUSPICIOUS_MOVE = YES;
				CLANG_WARN_UNGUARDED_AVAILABILITY = YES_AGGRESSIVE;
				CLANG_WARN_UNREACHABLE_CODE = YES;
				CLANG_WARN__DUPLICATE_METHOD_MATCH = YES;
				COPY_PHASE_STRIP = NO;
				DEBUG_INFORMATION_FORMAT = "dwarf-with-dsym";
				ENABLE_NS_ASSERTIONS = NO;
				ENABLE_STRICT_OBJC_MSGSEND = YES;
				GCC_C_LANGUAGE_STANDARD = gnu11;
				GCC_NO_COMMON_BLOCKS = YES;
				GCC_WARN_64_TO_32_BIT_CONVERSION = YES;
				GCC_WARN_ABOUT_RETURN_TYPE = YES_ERROR;
				GCC_WARN_UNDECLARED_SELECTOR = YES;
				GCC_WARN_UNINITIALIZED_AUTOS = YES_AGGRESSIVE;
				GCC_WARN_UNUSED_FUNCTION = YES;
				GCC_WARN_UNUSED_VARIABLE = YES;
				IPHONEOS_DEPLOYMENT_TARGET = 15.0;
				MTL_ENABLE_DEBUG_INFO = NO;
				MTL_FAST_MATH = YES;
				SDKROOT = iphoneos;
				SWIFT_COMPILATION_MODE = wholemodule;
				SWIFT_OPTIMIZATION_LEVEL = "-O";
				VALIDATE_PRODUCT = YES;
			};
			name = Release;
		};
		6398CDCA2ADD6B4100CF5089 /* Debug */ = {
			isa = XCBuildConfiguration;
			buildSettings = {
				ASSETCATALOG_COMPILER_APPICON_NAME = AppIcon;
				ASSETCATALOG_COMPILER_GLOBAL_ACCENT_COLOR_NAME = AccentColor;
				ASSETCATALOG_COMPILER_INCLUDE_ALL_APPICON_ASSETS = YES;
				CODE_SIGN_STYLE = Automatic;
				CURRENT_PROJECT_VERSION = 1;
				DEVELOPMENT_ASSET_PATHS = "\"ComicBookGradingApp/Preview Content\"";
				ENABLE_PREVIEWS = YES;
				GENERATE_INFOPLIST_FILE = YES;
				INFOPLIST_KEY_LSApplicationCategoryType = "public.app-category.productivity";
				INFOPLIST_KEY_UIApplicationSceneManifest_Generation = YES;
				INFOPLIST_KEY_UIApplicationSupportsIndirectInputEvents = YES;
				INFOPLIST_KEY_UILaunchScreen_Generation = YES;
				INFOPLIST_KEY_UISupportedInterfaceOrientations = UIInterfaceOrientationPortrait;
				LD_RUNPATH_SEARCH_PATHS = (
					"$(inherited)",
					"@executable_path/Frameworks",
				);
				MARKETING_VERSION = 1.0;
				PRODUCT_BUNDLE_IDENTIFIER = Brassard.ComicBookGradingApp;
				PRODUCT_NAME = "$(TARGET_NAME)";
				SWIFT_EMIT_LOC_STRINGS = YES;
				SWIFT_VERSION = 5.0;
				TARGETED_DEVICE_FAMILY = "1,2";
			};
			name = Debug;
		};
		6398CDCB2ADD6B4100CF5089 /* Release */ = {
			isa = XCBuildConfiguration;
			buildSettings = {
				ASSETCATALOG_COMPILER_APPICON_NAME = AppIcon;
				ASSETCATALOG_COMPILER_GLOBAL_ACCENT_COLOR_NAME = AccentColor;
				ASSETCATALOG_COMPILER_INCLUDE_ALL_APPICON_ASSETS = YES;
				CODE_SIGN_STYLE = Automatic;
				CURRENT_PROJECT_VERSION = 1;
				DEVELOPMENT_ASSET_PATHS = "\"ComicBookGradingApp/Preview Content\"";
				ENABLE_PREVIEWS = YES;
				GENERATE_INFOPLIST_FILE = YES;
				INFOPLIST_KEY_LSApplicationCategoryType = "public.app-category.productivity";
				INFOPLIST_KEY_UIApplicationSceneManifest_Generation = YES;
				INFOPLIST_KEY_UIApplicationSupportsIndirectInputEvents = YES;
				INFOPLIST_KEY_UILaunchScreen_Generation = YES;
				INFOPLIST_KEY_UISupportedInterfaceOrientations = UIInterfaceOrientationPortrait;
				LD_RUNPATH_SEARCH_PATHS = (
					"$(inherited)",
					"@executable_path/Frameworks",
				);
				MARKETING_VERSION = 1.0;
				PRODUCT_BUNDLE_IDENTIFIER = Brassard.ComicBookGradingApp;
				PRODUCT_NAME = "$(TARGET_NAME)";
				SWIFT_EMIT_LOC_STRINGS = YES;
				SWIFT_VERSION = 5.0;
				TARGETED_DEVICE_FAMILY = "1,2";
			};
			name = Release;
		};
		6398CDCD2ADD6B4100CF5089 /* Debug */ = {
			isa = XCBuildConfiguration;
			buildSettings = {
				ALWAYS_EMBED_SWIFT_STANDARD_LIBRARIES = YES;
				BUNDLE_LOADER = "$(TEST_HOST)";
				CODE_SIGN_STYLE = Automatic;
				CURRENT_PROJECT_VERSION = 1;
				GENERATE_INFOPLIST_FILE = YES;
				IPHONEOS_DEPLOYMENT_TARGET = 16.4;
				MARKETING_VERSION = 1.0;
				PRODUCT_BUNDLE_IDENTIFIER = Brassard.ComicBookGradingAppTests;
				PRODUCT_NAME = "$(TARGET_NAME)";
				SWIFT_EMIT_LOC_STRINGS = NO;
				SWIFT_VERSION = 5.0;
				TARGETED_DEVICE_FAMILY = "1,2";
				TEST_HOST = "$(BUILT_PRODUCTS_DIR)/ComicBookGradingApp.app/$(BUNDLE_EXECUTABLE_FOLDER_PATH)/ComicBookGradingApp";
			};
			name = Debug;
		};
		6398CDCE2ADD6B4100CF5089 /* Release */ = {
			isa = XCBuildConfiguration;
			buildSettings = {
				ALWAYS_EMBED_SWIFT_STANDARD_LIBRARIES = YES;
				BUNDLE_LOADER = "$(TEST_HOST)";
				CODE_SIGN_STYLE = Automatic;
				CURRENT_PROJECT_VERSION = 1;
				GENERATE_INFOPLIST_FILE = YES;
				IPHONEOS_DEPLOYMENT_TARGET = 16.4;
				MARKETING_VERSION = 1.0;
				PRODUCT_BUNDLE_IDENTIFIER = Brassard.ComicBookGradingAppTests;
				PRODUCT_NAME = "$(TARGET_NAME)";
				SWIFT_EMIT_LOC_STRINGS = NO;
				SWIFT_VERSION = 5.0;
				TARGETED_DEVICE_FAMILY = "1,2";
				TEST_HOST = "$(BUILT_PRODUCTS_DIR)/ComicBookGradingApp.app/$(BUNDLE_EXECUTABLE_FOLDER_PATH)/ComicBookGradingApp";
			};
			name = Release;
		};
		6398CDD02ADD6B4100CF5089 /* Debug */ = {
			isa = XCBuildConfiguration;
			buildSettings = {
				ALWAYS_EMBED_SWIFT_STANDARD_LIBRARIES = YES;
				CODE_SIGN_STYLE = Automatic;
				CURRENT_PROJECT_VERSION = 1;
				GENERATE_INFOPLIST_FILE = YES;
				MARKETING_VERSION = 1.0;
				PRODUCT_BUNDLE_IDENTIFIER = Brassard.ComicBookGradingAppUITests;
				PRODUCT_NAME = "$(TARGET_NAME)";
				SWIFT_EMIT_LOC_STRINGS = NO;
				SWIFT_VERSION = 5.0;
				TARGETED_DEVICE_FAMILY = "1,2";
				TEST_TARGET_NAME = ComicBookGradingApp;
			};
			name = Debug;
		};
		6398CDD12ADD6B4100CF5089 /* Release */ = {
			isa = XCBuildConfiguration;
			buildSettings = {
				ALWAYS_EMBED_SWIFT_STANDARD_LIBRARIES = YES;
				CODE_SIGN_STYLE = Automatic;
				CURRENT_PROJECT_VERSION = 1;
				GENERATE_INFOPLIST_FILE = YES;
				MARKETING_VERSION = 1.0;
				PRODUCT_BUNDLE_IDENTIFIER = Brassard.ComicBookGradingAppUITests;
				PRODUCT_NAME = "$(TARGET_NAME)";
				SWIFT_EMIT_LOC_STRINGS = NO;
				SWIFT_VERSION = 5.0;
				TARGETED_DEVICE_FAMILY = "1,2";
				TEST_TARGET_NAME = ComicBookGradingApp;
			};
			name = Release;
		};
/* End XCBuildConfiguration section */

/* Begin XCConfigurationList section */
		6398CDA02ADD6B3E00CF5089 /* Build configuration list for PBXProject "ComicBookGradingApp" */ = {
			isa = XCConfigurationList;
			buildConfigurations = (
				6398CDC72ADD6B4100CF5089 /* Debug */,
				6398CDC82ADD6B4100CF5089 /* Release */,
			);
			defaultConfigurationIsVisible = 0;
			defaultConfigurationName = Release;
		};
		6398CDC92ADD6B4100CF5089 /* Build configuration list for PBXNativeTarget "ComicBookGradingApp" */ = {
			isa = XCConfigurationList;
			buildConfigurations = (
				6398CDCA2ADD6B4100CF5089 /* Debug */,
				6398CDCB2ADD6B4100CF5089 /* Release */,
			);
			defaultConfigurationIsVisible = 0;
			defaultConfigurationName = Release;
		};
		6398CDCC2ADD6B4100CF5089 /* Build configuration list for PBXNativeTarget "ComicBookGradingAppTests" */ = {
			isa = XCConfigurationList;
			buildConfigurations = (
				6398CDCD2ADD6B4100CF5089 /* Debug */,
				6398CDCE2ADD6B4100CF5089 /* Release */,
			);
			defaultConfigurationIsVisible = 0;
			defaultConfigurationName = Release;
		};
		6398CDCF2ADD6B4100CF5089 /* Build configuration list for PBXNativeTarget "ComicBookGradingAppUITests" */ = {
			isa = XCConfigurationList;
			buildConfigurations = (
				6398CDD02ADD6B4100CF5089 /* Debug */,
				6398CDD12ADD6B4100CF5089 /* Release */,
			);
			defaultConfigurationIsVisible = 0;
			defaultConfigurationName = Release;
		};
/* End XCConfigurationList section */
	};
	rootObject = 6398CD9D2ADD6B3E00CF5089 /* Project object */;
}
